
Microsoft Visual Studio Solution File, Format Version 12.00
# Visual Studio Version 16
VisualStudioVersion = 25.0.1703.7
MinimumVisualStudioVersion = 10.0.40219.1
Project("{FAE04EC0-301F-11D3-BF4B-00C04F79EFBC}") = "Telepi.Business", "src\Telepi.Business\Telepi.Business.csproj", "{78364D56-F6AB-4F8B-AF36-01755DD1C440}"
EndProject
Project("{FAE04EC0-301F-11D3-BF4B-00C04F79EFBC}") = "Telepi.Application", "Telepi.Application\Telepi.Application.csproj", "{70F5A700-9B7A-4C29-ADBE-4A7D3E56E4A3}"
EndProject
Project("{FAE04EC0-301F-11D3-BF4B-00C04F79EFBC}") = "Telepi.API", "src\Telepi.API\Telepi.API.csproj", "{0F8D9FC4-6430-444B-A898-E6CDFFCE7CC9}"
EndProject
Project("{FAE04EC0-301F-11D3-BF4B-00C04F79EFBC}") = "Telepi.Infrastructure", "src\Telepi.Infrastructure\Telepi.Infrastructure.csproj", "{329DE7DE-F088-4C37-81A0-3F10175EEFAC}"
EndProject
Global
	GlobalSection(SolutionConfigurationPlatforms) = preSolution
		Debug|Any CPU = Debug|Any CPU
		Release|Any CPU = Release|Any CPU
	EndGlobalSection
	GlobalSection(ProjectConfigurationPlatforms) = postSolution
		{78364D56-F6AB-4F8B-AF36-01755DD1C440}.Debug|Any CPU.ActiveCfg = Debug|Any CPU
		{78364D56-F6AB-4F8B-AF36-01755DD1C440}.Debug|Any CPU.Build.0 = Debug|Any CPU
		{78364D56-F6AB-4F8B-AF36-01755DD1C440}.Release|Any CPU.ActiveCfg = Release|Any CPU
		{78364D56-F6AB-4F8B-AF36-01755DD1C440}.Release|Any CPU.Build.0 = Release|Any CPU
		{70F5A700-9B7A-4C29-ADBE-4A7D3E56E4A3}.Debug|Any CPU.ActiveCfg = Debug|Any CPU
		{70F5A700-9B7A-4C29-ADBE-4A7D3E56E4A3}.Debug|Any CPU.Build.0 = Debug|Any CPU
		{70F5A700-9B7A-4C29-ADBE-4A7D3E56E4A3}.Release|Any CPU.ActiveCfg = Release|Any CPU
		{70F5A700-9B7A-4C29-ADBE-4A7D3E56E4A3}.Release|Any CPU.Build.0 = Release|Any CPU
		{0F8D9FC4-6430-444B-A898-E6CDFFCE7CC9}.Debug|Any CPU.ActiveCfg = Debug|Any CPU
		{0F8D9FC4-6430-444B-A898-E6CDFFCE7CC9}.Debug|Any CPU.Build.0 = Debug|Any CPU
		{0F8D9FC4-6430-444B-A898-E6CDFFCE7CC9}.Release|Any CPU.ActiveCfg = Release|Any CPU
		{0F8D9FC4-6430-444B-A898-E6CDFFCE7CC9}.Release|Any CPU.Build.0 = Release|Any CPU
		{329DE7DE-F088-4C37-81A0-3F10175EEFAC}.Debug|Any CPU.ActiveCfg = Debug|Any CPU
		{329DE7DE-F088-4C37-81A0-3F10175EEFAC}.Debug|Any CPU.Build.0 = Debug|Any CPU
		{329DE7DE-F088-4C37-81A0-3F10175EEFAC}.Release|Any CPU.ActiveCfg = Release|Any CPU
		{329DE7DE-F088-4C37-81A0-3F10175EEFAC}.Release|Any CPU.Build.0 = Release|Any CPU
	EndGlobalSection
	GlobalSection(SolutionProperties) = preSolution
		HideSolutionNode = FALSE
	EndGlobalSection
	GlobalSection(ExtensibilityGlobals) = postSolution
		SolutionGuid = {2FF76031-6437-47B3-902B-05C5341EDFA0}
	EndGlobalSection
EndGlobal
